
Microsoft Visual Studio Solution File, Format Version 12.00
# Visual Studio Version 16
VisualStudioVersion = 16.0.808.3
MinimumVisualStudioVersion = 10.0.40219.1
Project("{FAE04EC0-301F-11D3-BF4B-00C04F79EFBC}") = "DeliveryHtml.Android", "DeliveryHtml.Android\DeliveryHtml.Android.csproj", "{374CC7F5-6C91-4309-A1BD-309118E4781C}"
EndProject
Project("{FAE04EC0-301F-11D3-BF4B-00C04F79EFBC}") = "DeliveryHtml.iOS", "DeliveryHtml.iOS\DeliveryHtml.iOS.csproj", "{3B9FDE07-2311-44FD-ADAF-3EC4CFABD2B4}"
EndProject
Project("{FAE04EC0-301F-11D3-BF4B-00C04F79EFBC}") = "DeliveryHtml", "DeliveryHtml\DeliveryHtml.csproj", "{CC0069E0-ED75-49FB-8C20-7A76789FC95B}"
EndProject
Global
	GlobalSection(SolutionConfigurationPlatforms) = preSolution
		Debug|Any CPU = Debug|Any CPU
		Release|Any CPU = Release|Any CPU
		Debug|iPhoneSimulator = Debug|iPhoneSimulator
		Release|iPhoneSimulator = Release|iPhoneSimulator
		Debug|iPhone = Debug|iPhone
		Release|iPhone = Release|iPhone
	EndGlobalSection
	GlobalSection(ProjectConfigurationPlatforms) = postSolution
		{374CC7F5-6C91-4309-A1BD-309118E4781C}.Debug|Any CPU.ActiveCfg = Debug|Any CPU
		{374CC7F5-6C91-4309-A1BD-309118E4781C}.Debug|Any CPU.Build.0 = Debug|Any CPU
		{374CC7F5-6C91-4309-A1BD-309118E4781C}.Release|Any CPU.ActiveCfg = Release|Any CPU
		{374CC7F5-6C91-4309-A1BD-309118E4781C}.Release|Any CPU.Build.0 = Release|Any CPU
		{374CC7F5-6C91-4309-A1BD-309118E4781C}.Debug|iPhoneSimulator.ActiveCfg = Debug|Any CPU
		{374CC7F5-6C91-4309-A1BD-309118E4781C}.Debug|iPhoneSimulator.Build.0 = Debug|Any CPU
		{374CC7F5-6C91-4309-A1BD-309118E4781C}.Release|iPhoneSimulator.ActiveCfg = Release|Any CPU
		{374CC7F5-6C91-4309-A1BD-309118E4781C}.Release|iPhoneSimulator.Build.0 = Release|Any CPU
		{374CC7F5-6C91-4309-A1BD-309118E4781C}.Debug|iPhone.ActiveCfg = Debug|Any CPU
		{374CC7F5-6C91-4309-A1BD-309118E4781C}.Debug|iPhone.Build.0 = Debug|Any CPU
		{374CC7F5-6C91-4309-A1BD-309118E4781C}.Release|iPhone.ActiveCfg = Release|Any CPU
		{374CC7F5-6C91-4309-A1BD-309118E4781C}.Release|iPhone.Build.0 = Release|Any CPU
		{3B9FDE07-2311-44FD-ADAF-3EC4CFABD2B4}.Debug|Any CPU.ActiveCfg = Debug|iPhoneSimulator
		{3B9FDE07-2311-44FD-ADAF-3EC4CFABD2B4}.Debug|Any CPU.Build.0 = Debug|iPhoneSimulator
		{3B9FDE07-2311-44FD-ADAF-3EC4CFABD2B4}.Release|Any CPU.ActiveCfg = Release|iPhoneSimulator
		{3B9FDE07-2311-44FD-ADAF-3EC4CFABD2B4}.Release|Any CPU.Build.0 = Release|iPhoneSimulator
		{3B9FDE07-2311-44FD-ADAF-3EC4CFABD2B4}.Debug|iPhoneSimulator.ActiveCfg = Debug|iPhoneSimulator
		{3B9FDE07-2311-44FD-ADAF-3EC4CFABD2B4}.Debug|iPhoneSimulator.Build.0 = Debug|iPhoneSimulator
		{3B9FDE07-2311-44FD-ADAF-3EC4CFABD2B4}.Release|iPhoneSimulator.ActiveCfg = Release|iPhoneSimulator
		{3B9FDE07-2311-44FD-ADAF-3EC4CFABD2B4}.Release|iPhoneSimulator.Build.0 = Release|iPhoneSimulator
		{3B9FDE07-2311-44FD-ADAF-3EC4CFABD2B4}.Debug|iPhone.ActiveCfg = Debug|iPhone
		{3B9FDE07-2311-44FD-ADAF-3EC4CFABD2B4}.Debug|iPhone.Build.0 = Debug|iPhone
		{3B9FDE07-2311-44FD-ADAF-3EC4CFABD2B4}.Release|iPhone.ActiveCfg = Release|iPhone
		{3B9FDE07-2311-44FD-ADAF-3EC4CFABD2B4}.Release|iPhone.Build.0 = Release|iPhone
		{CC0069E0-ED75-49FB-8C20-7A76789FC95B}.Debug|Any CPU.ActiveCfg = Debug|Any CPU
		{CC0069E0-ED75-49FB-8C20-7A76789FC95B}.Debug|Any CPU.Build.0 = Debug|Any CPU
		{CC0069E0-ED75-49FB-8C20-7A76789FC95B}.Release|Any CPU.ActiveCfg = Release|Any CPU
		{CC0069E0-ED75-49FB-8C20-7A76789FC95B}.Release|Any CPU.Build.0 = Release|Any CPU
		{CC0069E0-ED75-49FB-8C20-7A76789FC95B}.Debug|iPhoneSimulator.ActiveCfg = Debug|Any CPU
		{CC0069E0-ED75-49FB-8C20-7A76789FC95B}.Debug|iPhoneSimulator.Build.0 = Debug|Any CPU
		{CC0069E0-ED75-49FB-8C20-7A76789FC95B}.Release|iPhoneSimulator.ActiveCfg = Release|Any CPU
		{CC0069E0-ED75-49FB-8C20-7A76789FC95B}.Release|iPhoneSimulator.Build.0 = Release|Any CPU
		{CC0069E0-ED75-49FB-8C20-7A76789FC95B}.Debug|iPhone.ActiveCfg = Debug|Any CPU
		{CC0069E0-ED75-49FB-8C20-7A76789FC95B}.Debug|iPhone.Build.0 = Debug|Any CPU
		{CC0069E0-ED75-49FB-8C20-7A76789FC95B}.Release|iPhone.ActiveCfg = Release|Any CPU
		{CC0069E0-ED75-49FB-8C20-7A76789FC95B}.Release|iPhone.Build.0 = Release|Any CPU
	EndGlobalSection
	GlobalSection(SolutionProperties) = preSolution
		HideSolutionNode = FALSE
	EndGlobalSection
	GlobalSection(ExtensibilityGlobals) = postSolution
		SolutionGuid = {169BE442-37BB-44AA-9924-C6605CB807E6}
	EndGlobalSection
EndGlobal
